
Microsoft Visual Studio Solution File, Format Version 12.00
# Visual Studio 2013
VisualStudioVersion = 12.0.21005.1
MinimumVisualStudioVersion = 10.0.40219.1
Project("{FAE04EC0-301F-11D3-BF4B-00C04F79EFBC}") = "StudyOnline.Tests", "StudyOnline.Tests\StudyOnline.Tests.csproj", "{F00B393A-8635-4CC1-8724-2A9349FA2198}"
EndProject
Project("{FAE04EC0-301F-11D3-BF4B-00C04F79EFBC}") = "StudyOnline.Common", "StudyOnline.Common\StudyOnline.Common.csproj", "{475B04E5-7AA6-406B-B350-BCCFF1DEFDB2}"
EndProject
Project("{FAE04EC0-301F-11D3-BF4B-00C04F79EFBC}") = "StudyOnline.Entities", "StudyOnline.Entities\StudyOnline.Entities.csproj", "{E50AFB03-52A8-49D6-98B4-17B7B35C4689}"
EndProject
Project("{FAE04EC0-301F-11D3-BF4B-00C04F79EFBC}") = "StudyOnline.Repository", "StudyOnline.Repository\StudyOnline.Repository.csproj", "{F9328973-32CD-4295-98F7-9B4FDA59F6EF}"
EndProject
Project("{FAE04EC0-301F-11D3-BF4B-00C04F79EFBC}") = "StudyOnline.Service", "StudyOnline.Service\StudyOnline.Service.csproj", "{A3B1B5A4-8E53-41E0-AF44-A32A3FD6C786}"
EndProject
Project("{FAE04EC0-301F-11D3-BF4B-00C04F79EFBC}") = "StudyOnline", "StudyOnline\StudyOnline.csproj", "{4213C48C-6E94-4D05-BB0E-F9B8A73642C1}"
EndProject
Project("{FAE04EC0-301F-11D3-BF4B-00C04F79EFBC}") = "StudyOnline.API", "StudyOnline.API\StudyOnline.API.csproj", "{EE181F77-9BBF-467C-B1B2-5C5CD993117D}"
EndProject
Global
	GlobalSection(SolutionConfigurationPlatforms) = preSolution
		Debug|Any CPU = Debug|Any CPU
		Release|Any CPU = Release|Any CPU
	EndGlobalSection
	GlobalSection(ProjectConfigurationPlatforms) = postSolution
		{F00B393A-8635-4CC1-8724-2A9349FA2198}.Debug|Any CPU.ActiveCfg = Debug|Any CPU
		{F00B393A-8635-4CC1-8724-2A9349FA2198}.Debug|Any CPU.Build.0 = Debug|Any CPU
		{F00B393A-8635-4CC1-8724-2A9349FA2198}.Release|Any CPU.ActiveCfg = Release|Any CPU
		{F00B393A-8635-4CC1-8724-2A9349FA2198}.Release|Any CPU.Build.0 = Release|Any CPU
		{475B04E5-7AA6-406B-B350-BCCFF1DEFDB2}.Debug|Any CPU.ActiveCfg = Debug|Any CPU
		{475B04E5-7AA6-406B-B350-BCCFF1DEFDB2}.Debug|Any CPU.Build.0 = Debug|Any CPU
		{475B04E5-7AA6-406B-B350-BCCFF1DEFDB2}.Release|Any CPU.ActiveCfg = Release|Any CPU
		{475B04E5-7AA6-406B-B350-BCCFF1DEFDB2}.Release|Any CPU.Build.0 = Release|Any CPU
		{E50AFB03-52A8-49D6-98B4-17B7B35C4689}.Debug|Any CPU.ActiveCfg = Debug|Any CPU
		{E50AFB03-52A8-49D6-98B4-17B7B35C4689}.Debug|Any CPU.Build.0 = Debug|Any CPU
		{E50AFB03-52A8-49D6-98B4-17B7B35C4689}.Release|Any CPU.ActiveCfg = Release|Any CPU
		{E50AFB03-52A8-49D6-98B4-17B7B35C4689}.Release|Any CPU.Build.0 = Release|Any CPU
		{F9328973-32CD-4295-98F7-9B4FDA59F6EF}.Debug|Any CPU.ActiveCfg = Debug|Any CPU
		{F9328973-32CD-4295-98F7-9B4FDA59F6EF}.Debug|Any CPU.Build.0 = Debug|Any CPU
		{F9328973-32CD-4295-98F7-9B4FDA59F6EF}.Release|Any CPU.ActiveCfg = Release|Any CPU
		{F9328973-32CD-4295-98F7-9B4FDA59F6EF}.Release|Any CPU.Build.0 = Release|Any CPU
		{A3B1B5A4-8E53-41E0-AF44-A32A3FD6C786}.Debug|Any CPU.ActiveCfg = Debug|Any CPU
		{A3B1B5A4-8E53-41E0-AF44-A32A3FD6C786}.Debug|Any CPU.Build.0 = Debug|Any CPU
		{A3B1B5A4-8E53-41E0-AF44-A32A3FD6C786}.Release|Any CPU.ActiveCfg = Release|Any CPU
		{A3B1B5A4-8E53-41E0-AF44-A32A3FD6C786}.Release|Any CPU.Build.0 = Release|Any CPU
		{4213C48C-6E94-4D05-BB0E-F9B8A73642C1}.Debug|Any CPU.ActiveCfg = Debug|Any CPU
		{4213C48C-6E94-4D05-BB0E-F9B8A73642C1}.Debug|Any CPU.Build.0 = Debug|Any CPU
		{4213C48C-6E94-4D05-BB0E-F9B8A73642C1}.Release|Any CPU.ActiveCfg = Release|Any CPU
		{4213C48C-6E94-4D05-BB0E-F9B8A73642C1}.Release|Any CPU.Build.0 = Release|Any CPU
		{EE181F77-9BBF-467C-B1B2-5C5CD993117D}.Debug|Any CPU.ActiveCfg = Debug|Any CPU
		{EE181F77-9BBF-467C-B1B2-5C5CD993117D}.Debug|Any CPU.Build.0 = Debug|Any CPU
		{EE181F77-9BBF-467C-B1B2-5C5CD993117D}.Release|Any CPU.ActiveCfg = Release|Any CPU
		{EE181F77-9BBF-467C-B1B2-5C5CD993117D}.Release|Any CPU.Build.0 = Release|Any CPU
	EndGlobalSection
	GlobalSection(SolutionProperties) = preSolution
		HideSolutionNode = FALSE
	EndGlobalSection
EndGlobal
